
Microsoft Visual Studio Solution File, Format Version 12.00
# Visual Studio Version 16
VisualStudioVersion = 16.0.31205.134
MinimumVisualStudioVersion = 10.0.40219.1
Project("{FAE04EC0-301F-11D3-BF4B-00C04F79EFBC}") = "IT481_Fitzpatrick_Unit_3", "IT481_Fitzpatrick_Unit_3\IT481_Fitzpatrick_Unit_3.csproj", "{2C5D2E5D-36B6-4431-89B9-F534A7F67B84}"
EndProject
Global
	GlobalSection(SolutionConfigurationPlatforms) = preSolution
		Debug|Any CPU = Debug|Any CPU
		Release|Any CPU = Release|Any CPU
	EndGlobalSection
	GlobalSection(ProjectConfigurationPlatforms) = postSolution
		{2C5D2E5D-36B6-4431-89B9-F534A7F67B84}.Debug|Any CPU.ActiveCfg = Debug|Any CPU
		{2C5D2E5D-36B6-4431-89B9-F534A7F67B84}.Debug|Any CPU.Build.0 = Debug|Any CPU
		{2C5D2E5D-36B6-4431-89B9-F534A7F67B84}.Release|Any CPU.ActiveCfg = Release|Any CPU
		{2C5D2E5D-36B6-4431-89B9-F534A7F67B84}.Release|Any CPU.Build.0 = Release|Any CPU
	EndGlobalSection
	GlobalSection(SolutionProperties) = preSolution
		HideSolutionNode = FALSE
	EndGlobalSection
	GlobalSection(ExtensibilityGlobals) = postSolution
		SolutionGuid = {0B2DD99A-4DCC-4996-BAF4-DF637647B71E}
	EndGlobalSection
EndGlobal
